
Microsoft Visual Studio Solution File, Format Version 12.00
# Visual Studio Version 17
VisualStudioVersion = 17.9.34310.174
MinimumVisualStudioVersion = 10.0.40219.1
Project("{9A19103F-16F7-4668-BE54-9A1E7A4F7556}") = "MauiClient", "MauiClient.csproj", "{428689E6-FF98-46FC-A42D-F122EDE62D97}"
EndProject
Global
	GlobalSection(SolutionConfigurationPlatforms) = preSolution
		Debug|Any CPU = Debug|Any CPU
		Release|Any CPU = Release|Any CPU
	EndGlobalSection
	GlobalSection(ProjectConfigurationPlatforms) = postSolution
		{428689E6-FF98-46FC-A42D-F122EDE62D97}.Debug|Any CPU.ActiveCfg = Debug|Any CPU
		{428689E6-FF98-46FC-A42D-F122EDE62D97}.Debug|Any CPU.Build.0 = Debug|Any CPU
		{428689E6-FF98-46FC-A42D-F122EDE62D97}.Debug|Any CPU.Deploy.0 = Debug|Any CPU
		{428689E6-FF98-46FC-A42D-F122EDE62D97}.Release|Any CPU.ActiveCfg = Release|Any CPU
		{428689E6-FF98-46FC-A42D-F122EDE62D97}.Release|Any CPU.Build.0 = Release|Any CPU
		{428689E6-FF98-46FC-A42D-F122EDE62D97}.Release|Any CPU.Deploy.0 = Release|Any CPU
	EndGlobalSection
	GlobalSection(SolutionProperties) = preSolution
		HideSolutionNode = FALSE
	EndGlobalSection
	GlobalSection(ExtensibilityGlobals) = postSolution
		SolutionGuid = {A35B9EF2-0E9D-454A-AE78-98A2EE6DD5A3}
	EndGlobalSection
EndGlobal
